
Microsoft Visual Studio Solution File, Format Version 12.00
# Visual Studio Version 17
VisualStudioVersion = 17.6.33815.320
MinimumVisualStudioVersion = 10.0.40219.1
Project("{FAE04EC0-301F-11D3-BF4B-00C04F79EFBC}") = "uk.co.nfocus.projectv2", "uk.co.nfocus.projectv2.csproj", "{5DD4D743-D27F-4A74-8F99-0AAC73C916EE}"
EndProject
Global
	GlobalSection(SolutionConfigurationPlatforms) = preSolution
		Debug|Any CPU = Debug|Any CPU
		Release|Any CPU = Release|Any CPU
	EndGlobalSection
	GlobalSection(ProjectConfigurationPlatforms) = postSolution
		{5DD4D743-D27F-4A74-8F99-0AAC73C916EE}.Debug|Any CPU.ActiveCfg = Debug|Any CPU
		{5DD4D743-D27F-4A74-8F99-0AAC73C916EE}.Debug|Any CPU.Build.0 = Debug|Any CPU
		{5DD4D743-D27F-4A74-8F99-0AAC73C916EE}.Release|Any CPU.ActiveCfg = Release|Any CPU
		{5DD4D743-D27F-4A74-8F99-0AAC73C916EE}.Release|Any CPU.Build.0 = Release|Any CPU
	EndGlobalSection
	GlobalSection(SolutionProperties) = preSolution
		HideSolutionNode = FALSE
	EndGlobalSection
	GlobalSection(ExtensibilityGlobals) = postSolution
		SolutionGuid = {E66BAA30-02D7-4FAD-9F61-414C745ABAD2}
	EndGlobalSection
EndGlobal
